
Microsoft Visual Studio Solution File, Format Version 12.00
# Visual Studio 15
VisualStudioVersion = 15.0.28010.2046
MinimumVisualStudioVersion = 10.0.40219.1
Project("{9A19103F-16F7-4668-BE54-9A1E7A4F7556}") = "Day01", "Day01\Day01.csproj", "{420B4B85-DFED-481B-B068-70CAD2D895DA}"
EndProject
Project("{9A19103F-16F7-4668-BE54-9A1E7A4F7556}") = "Day02", "Day02\Day02.csproj", "{DD33CECB-F251-47EE-95B5-918287E96C31}"
EndProject
Project("{9A19103F-16F7-4668-BE54-9A1E7A4F7556}") = "Day03", "Day03\Day03.csproj", "{DB6DE28B-E82C-4E45-AC73-4E2AAFD02FDB}"
EndProject
Project("{9A19103F-16F7-4668-BE54-9A1E7A4F7556}") = "Day04", "Day04\Day04.csproj", "{181C282E-34A4-4E47-84EA-E840BADF0BCB}"
EndProject
Project("{9A19103F-16F7-4668-BE54-9A1E7A4F7556}") = "Day05", "Day05\Day05.csproj", "{6CB2684D-96F5-4F03-A950-0555724BDCC3}"
EndProject
Project("{9A19103F-16F7-4668-BE54-9A1E7A4F7556}") = "Day06", "Day06\Day06.csproj", "{C19A3D2F-8ED9-4443-9B89-694FB2FE1E5C}"
EndProject
Project("{9A19103F-16F7-4668-BE54-9A1E7A4F7556}") = "Day07", "Day07\Day07.csproj", "{2C0CA004-E2FB-413D-9F73-0FCDBDAF4BFD}"
EndProject
Project("{FAE04EC0-301F-11D3-BF4B-00C04F79EFBC}") = "Day08", "Day08\Day08.csproj", "{020EA58B-D6B3-4329-B365-488217931FAD}"
EndProject
Global
	GlobalSection(SolutionConfigurationPlatforms) = preSolution
		Debug|Any CPU = Debug|Any CPU
		Debug|ARM = Debug|ARM
		Debug|x64 = Debug|x64
		Debug|x86 = Debug|x86
		Release|Any CPU = Release|Any CPU
		Release|ARM = Release|ARM
		Release|x64 = Release|x64
		Release|x86 = Release|x86
	EndGlobalSection
	GlobalSection(ProjectConfigurationPlatforms) = postSolution
		{420B4B85-DFED-481B-B068-70CAD2D895DA}.Debug|Any CPU.ActiveCfg = Debug|Any CPU
		{420B4B85-DFED-481B-B068-70CAD2D895DA}.Debug|Any CPU.Build.0 = Debug|Any CPU
		{420B4B85-DFED-481B-B068-70CAD2D895DA}.Debug|ARM.ActiveCfg = Debug|Any CPU
		{420B4B85-DFED-481B-B068-70CAD2D895DA}.Debug|ARM.Build.0 = Debug|Any CPU
		{420B4B85-DFED-481B-B068-70CAD2D895DA}.Debug|x64.ActiveCfg = Debug|Any CPU
		{420B4B85-DFED-481B-B068-70CAD2D895DA}.Debug|x64.Build.0 = Debug|Any CPU
		{420B4B85-DFED-481B-B068-70CAD2D895DA}.Debug|x86.ActiveCfg = Debug|Any CPU
		{420B4B85-DFED-481B-B068-70CAD2D895DA}.Debug|x86.Build.0 = Debug|Any CPU
		{420B4B85-DFED-481B-B068-70CAD2D895DA}.Release|Any CPU.ActiveCfg = Release|Any CPU
		{420B4B85-DFED-481B-B068-70CAD2D895DA}.Release|Any CPU.Build.0 = Release|Any CPU
		{420B4B85-DFED-481B-B068-70CAD2D895DA}.Release|ARM.ActiveCfg = Release|Any CPU
		{420B4B85-DFED-481B-B068-70CAD2D895DA}.Release|ARM.Build.0 = Release|Any CPU
		{420B4B85-DFED-481B-B068-70CAD2D895DA}.Release|x64.ActiveCfg = Release|Any CPU
		{420B4B85-DFED-481B-B068-70CAD2D895DA}.Release|x64.Build.0 = Release|Any CPU
		{420B4B85-DFED-481B-B068-70CAD2D895DA}.Release|x86.ActiveCfg = Release|Any CPU
		{420B4B85-DFED-481B-B068-70CAD2D895DA}.Release|x86.Build.0 = Release|Any CPU
		{DD33CECB-F251-47EE-95B5-918287E96C31}.Debug|Any CPU.ActiveCfg = Debug|Any CPU
		{DD33CECB-F251-47EE-95B5-918287E96C31}.Debug|Any CPU.Build.0 = Debug|Any CPU
		{DD33CECB-F251-47EE-95B5-918287E96C31}.Debug|ARM.ActiveCfg = Debug|Any CPU
		{DD33CECB-F251-47EE-95B5-918287E96C31}.Debug|ARM.Build.0 = Debug|Any CPU
		{DD33CECB-F251-47EE-95B5-918287E96C31}.Debug|x64.ActiveCfg = Debug|Any CPU
		{DD33CECB-F251-47EE-95B5-918287E96C31}.Debug|x64.Build.0 = Debug|Any CPU
		{DD33CECB-F251-47EE-95B5-918287E96C31}.Debug|x86.ActiveCfg = Debug|Any CPU
		{DD33CECB-F251-47EE-95B5-918287E96C31}.Debug|x86.Build.0 = Debug|Any CPU
		{DD33CECB-F251-47EE-95B5-918287E96C31}.Release|Any CPU.ActiveCfg = Release|Any CPU
		{DD33CECB-F251-47EE-95B5-918287E96C31}.Release|Any CPU.Build.0 = Release|Any CPU
		{DD33CECB-F251-47EE-95B5-918287E96C31}.Release|ARM.ActiveCfg = Release|Any CPU
		{DD33CECB-F251-47EE-95B5-918287E96C31}.Release|ARM.Build.0 = Release|Any CPU
		{DD33CECB-F251-47EE-95B5-918287E96C31}.Release|x64.ActiveCfg = Release|Any CPU
		{DD33CECB-F251-47EE-95B5-918287E96C31}.Release|x64.Build.0 = Release|Any CPU
		{DD33CECB-F251-47EE-95B5-918287E96C31}.Release|x86.ActiveCfg = Release|Any CPU
		{DD33CECB-F251-47EE-95B5-918287E96C31}.Release|x86.Build.0 = Release|Any CPU
		{DB6DE28B-E82C-4E45-AC73-4E2AAFD02FDB}.Debug|Any CPU.ActiveCfg = Debug|Any CPU
		{DB6DE28B-E82C-4E45-AC73-4E2AAFD02FDB}.Debug|Any CPU.Build.0 = Debug|Any CPU
		{DB6DE28B-E82C-4E45-AC73-4E2AAFD02FDB}.Debug|ARM.ActiveCfg = Debug|Any CPU
		{DB6DE28B-E82C-4E45-AC73-4E2AAFD02FDB}.Debug|ARM.Build.0 = Debug|Any CPU
		{DB6DE28B-E82C-4E45-AC73-4E2AAFD02FDB}.Debug|x64.ActiveCfg = Debug|Any CPU
		{DB6DE28B-E82C-4E45-AC73-4E2AAFD02FDB}.Debug|x64.Build.0 = Debug|Any CPU
		{DB6DE28B-E82C-4E45-AC73-4E2AAFD02FDB}.Debug|x86.ActiveCfg = Debug|Any CPU
		{DB6DE28B-E82C-4E45-AC73-4E2AAFD02FDB}.Debug|x86.Build.0 = Debug|Any CPU
		{DB6DE28B-E82C-4E45-AC73-4E2AAFD02FDB}.Release|Any CPU.ActiveCfg = Release|Any CPU
		{DB6DE28B-E82C-4E45-AC73-4E2AAFD02FDB}.Release|Any CPU.Build.0 = Release|Any CPU
		{DB6DE28B-E82C-4E45-AC73-4E2AAFD02FDB}.Release|ARM.ActiveCfg = Release|Any CPU
		{DB6DE28B-E82C-4E45-AC73-4E2AAFD02FDB}.Release|ARM.Build.0 = Release|Any CPU
		{DB6DE28B-E82C-4E45-AC73-4E2AAFD02FDB}.Release|x64.ActiveCfg = Release|Any CPU
		{DB6DE28B-E82C-4E45-AC73-4E2AAFD02FDB}.Release|x64.Build.0 = Release|Any CPU
		{DB6DE28B-E82C-4E45-AC73-4E2AAFD02FDB}.Release|x86.ActiveCfg = Release|Any CPU
		{DB6DE28B-E82C-4E45-AC73-4E2AAFD02FDB}.Release|x86.Build.0 = Release|Any CPU
		{181C282E-34A4-4E47-84EA-E840BADF0BCB}.Debug|Any CPU.ActiveCfg = Debug|Any CPU
		{181C282E-34A4-4E47-84EA-E840BADF0BCB}.Debug|Any CPU.Build.0 = Debug|Any CPU
		{181C282E-34A4-4E47-84EA-E840BADF0BCB}.Debug|ARM.ActiveCfg = Debug|Any CPU
		{181C282E-34A4-4E47-84EA-E840BADF0BCB}.Debug|ARM.Build.0 = Debug|Any CPU
		{181C282E-34A4-4E47-84EA-E840BADF0BCB}.Debug|x64.ActiveCfg = Debug|Any CPU
		{181C282E-34A4-4E47-84EA-E840BADF0BCB}.Debug|x64.Build.0 = Debug|Any CPU
		{181C282E-34A4-4E47-84EA-E840BADF0BCB}.Debug|x86.ActiveCfg = Debug|Any CPU
		{181C282E-34A4-4E47-84EA-E840BADF0BCB}.Debug|x86.Build.0 = Debug|Any CPU
		{181C282E-34A4-4E47-84EA-E840BADF0BCB}.Release|Any CPU.ActiveCfg = Release|Any CPU
		{181C282E-34A4-4E47-84EA-E840BADF0BCB}.Release|Any CPU.Build.0 = Release|Any CPU
		{181C282E-34A4-4E47-84EA-E840BADF0BCB}.Release|ARM.ActiveCfg = Release|Any CPU
		{181C282E-34A4-4E47-84EA-E840BADF0BCB}.Release|ARM.Build.0 = Release|Any CPU
		{181C282E-34A4-4E47-84EA-E840BADF0BCB}.Release|x64.ActiveCfg = Release|Any CPU
		{181C282E-34A4-4E47-84EA-E840BADF0BCB}.Release|x64.Build.0 = Release|Any CPU
		{181C282E-34A4-4E47-84EA-E840BADF0BCB}.Release|x86.ActiveCfg = Release|Any CPU
		{181C282E-34A4-4E47-84EA-E840BADF0BCB}.Release|x86.Build.0 = Release|Any CPU
		{6CB2684D-96F5-4F03-A950-0555724BDCC3}.Debug|Any CPU.ActiveCfg = Debug|Any CPU
		{6CB2684D-96F5-4F03-A950-0555724BDCC3}.Debug|Any CPU.Build.0 = Debug|Any CPU
		{6CB2684D-96F5-4F03-A950-0555724BDCC3}.Debug|ARM.ActiveCfg = Debug|Any CPU
		{6CB2684D-96F5-4F03-A950-0555724BDCC3}.Debug|ARM.Build.0 = Debug|Any CPU
		{6CB2684D-96F5-4F03-A950-0555724BDCC3}.Debug|x64.ActiveCfg = Debug|Any CPU
		{6CB2684D-96F5-4F03-A950-0555724BDCC3}.Debug|x64.Build.0 = Debug|Any CPU
		{6CB2684D-96F5-4F03-A950-0555724BDCC3}.Debug|x86.ActiveCfg = Debug|Any CPU
		{6CB2684D-96F5-4F03-A950-0555724BDCC3}.Debug|x86.Build.0 = Debug|Any CPU
		{6CB2684D-96F5-4F03-A950-0555724BDCC3}.Release|Any CPU.ActiveCfg = Release|Any CPU
		{6CB2684D-96F5-4F03-A950-0555724BDCC3}.Release|Any CPU.Build.0 = Release|Any CPU
		{6CB2684D-96F5-4F03-A950-0555724BDCC3}.Release|ARM.ActiveCfg = Release|Any CPU
		{6CB2684D-96F5-4F03-A950-0555724BDCC3}.Release|ARM.Build.0 = Release|Any CPU
		{6CB2684D-96F5-4F03-A950-0555724BDCC3}.Release|x64.ActiveCfg = Release|Any CPU
		{6CB2684D-96F5-4F03-A950-0555724BDCC3}.Release|x64.Build.0 = Release|Any CPU
		{6CB2684D-96F5-4F03-A950-0555724BDCC3}.Release|x86.ActiveCfg = Release|Any CPU
		{6CB2684D-96F5-4F03-A950-0555724BDCC3}.Release|x86.Build.0 = Release|Any CPU
		{C19A3D2F-8ED9-4443-9B89-694FB2FE1E5C}.Debug|Any CPU.ActiveCfg = Debug|Any CPU
		{C19A3D2F-8ED9-4443-9B89-694FB2FE1E5C}.Debug|Any CPU.Build.0 = Debug|Any CPU
		{C19A3D2F-8ED9-4443-9B89-694FB2FE1E5C}.Debug|ARM.ActiveCfg = Debug|Any CPU
		{C19A3D2F-8ED9-4443-9B89-694FB2FE1E5C}.Debug|ARM.Build.0 = Debug|Any CPU
		{C19A3D2F-8ED9-4443-9B89-694FB2FE1E5C}.Debug|x64.ActiveCfg = Debug|Any CPU
		{C19A3D2F-8ED9-4443-9B89-694FB2FE1E5C}.Debug|x64.Build.0 = Debug|Any CPU
		{C19A3D2F-8ED9-4443-9B89-694FB2FE1E5C}.Debug|x86.ActiveCfg = Debug|Any CPU
		{C19A3D2F-8ED9-4443-9B89-694FB2FE1E5C}.Debug|x86.Build.0 = Debug|Any CPU
		{C19A3D2F-8ED9-4443-9B89-694FB2FE1E5C}.Release|Any CPU.ActiveCfg = Release|Any CPU
		{C19A3D2F-8ED9-4443-9B89-694FB2FE1E5C}.Release|Any CPU.Build.0 = Release|Any CPU
		{C19A3D2F-8ED9-4443-9B89-694FB2FE1E5C}.Release|ARM.ActiveCfg = Release|Any CPU
		{C19A3D2F-8ED9-4443-9B89-694FB2FE1E5C}.Release|ARM.Build.0 = Release|Any CPU
		{C19A3D2F-8ED9-4443-9B89-694FB2FE1E5C}.Release|x64.ActiveCfg = Release|Any CPU
		{C19A3D2F-8ED9-4443-9B89-694FB2FE1E5C}.Release|x64.Build.0 = Release|Any CPU
		{C19A3D2F-8ED9-4443-9B89-694FB2FE1E5C}.Release|x86.ActiveCfg = Release|Any CPU
		{C19A3D2F-8ED9-4443-9B89-694FB2FE1E5C}.Release|x86.Build.0 = Release|Any CPU
		{2C0CA004-E2FB-413D-9F73-0FCDBDAF4BFD}.Debug|Any CPU.ActiveCfg = Debug|Any CPU
		{2C0CA004-E2FB-413D-9F73-0FCDBDAF4BFD}.Debug|Any CPU.Build.0 = Debug|Any CPU
		{2C0CA004-E2FB-413D-9F73-0FCDBDAF4BFD}.Debug|ARM.ActiveCfg = Debug|Any CPU
		{2C0CA004-E2FB-413D-9F73-0FCDBDAF4BFD}.Debug|ARM.Build.0 = Debug|Any CPU
		{2C0CA004-E2FB-413D-9F73-0FCDBDAF4BFD}.Debug|x64.ActiveCfg = Debug|Any CPU
		{2C0CA004-E2FB-413D-9F73-0FCDBDAF4BFD}.Debug|x64.Build.0 = Debug|Any CPU
		{2C0CA004-E2FB-413D-9F73-0FCDBDAF4BFD}.Debug|x86.ActiveCfg = Debug|Any CPU
		{2C0CA004-E2FB-413D-9F73-0FCDBDAF4BFD}.Debug|x86.Build.0 = Debug|Any CPU
		{2C0CA004-E2FB-413D-9F73-0FCDBDAF4BFD}.Release|Any CPU.ActiveCfg = Release|Any CPU
		{2C0CA004-E2FB-413D-9F73-0FCDBDAF4BFD}.Release|Any CPU.Build.0 = Release|Any CPU
		{2C0CA004-E2FB-413D-9F73-0FCDBDAF4BFD}.Release|ARM.ActiveCfg = Release|Any CPU
		{2C0CA004-E2FB-413D-9F73-0FCDBDAF4BFD}.Release|ARM.Build.0 = Release|Any CPU
		{2C0CA004-E2FB-413D-9F73-0FCDBDAF4BFD}.Release|x64.ActiveCfg = Release|Any CPU
		{2C0CA004-E2FB-413D-9F73-0FCDBDAF4BFD}.Release|x64.Build.0 = Release|Any CPU
		{2C0CA004-E2FB-413D-9F73-0FCDBDAF4BFD}.Release|x86.ActiveCfg = Release|Any CPU
		{2C0CA004-E2FB-413D-9F73-0FCDBDAF4BFD}.Release|x86.Build.0 = Release|Any CPU
		{020EA58B-D6B3-4329-B365-488217931FAD}.Debug|Any CPU.ActiveCfg = Debug|Any CPU
		{020EA58B-D6B3-4329-B365-488217931FAD}.Debug|Any CPU.Build.0 = Debug|Any CPU
		{020EA58B-D6B3-4329-B365-488217931FAD}.Debug|ARM.ActiveCfg = Debug|Any CPU
		{020EA58B-D6B3-4329-B365-488217931FAD}.Debug|ARM.Build.0 = Debug|Any CPU
		{020EA58B-D6B3-4329-B365-488217931FAD}.Debug|x64.ActiveCfg = Debug|Any CPU
		{020EA58B-D6B3-4329-B365-488217931FAD}.Debug|x64.Build.0 = Debug|Any CPU
		{020EA58B-D6B3-4329-B365-488217931FAD}.Debug|x86.ActiveCfg = Debug|Any CPU
		{020EA58B-D6B3-4329-B365-488217931FAD}.Debug|x86.Build.0 = Debug|Any CPU
		{020EA58B-D6B3-4329-B365-488217931FAD}.Release|Any CPU.ActiveCfg = Release|Any CPU
		{020EA58B-D6B3-4329-B365-488217931FAD}.Release|Any CPU.Build.0 = Release|Any CPU
		{020EA58B-D6B3-4329-B365-488217931FAD}.Release|ARM.ActiveCfg = Release|Any CPU
		{020EA58B-D6B3-4329-B365-488217931FAD}.Release|ARM.Build.0 = Release|Any CPU
		{020EA58B-D6B3-4329-B365-488217931FAD}.Release|x64.ActiveCfg = Release|Any CPU
		{020EA58B-D6B3-4329-B365-488217931FAD}.Release|x64.Build.0 = Release|Any CPU
		{020EA58B-D6B3-4329-B365-488217931FAD}.Release|x86.ActiveCfg = Release|Any CPU
		{020EA58B-D6B3-4329-B365-488217931FAD}.Release|x86.Build.0 = Release|Any CPU
	EndGlobalSection
	GlobalSection(SolutionProperties) = preSolution
		HideSolutionNode = FALSE
	EndGlobalSection
	GlobalSection(ExtensibilityGlobals) = postSolution
		SolutionGuid = {31D02D42-B390-42D5-BC46-58C471E47E31}
	EndGlobalSection
EndGlobal
